
Microsoft Visual Studio Solution File, Format Version 12.00
# Visual Studio Version 16
VisualStudioVersion = 16.0.30804.86
MinimumVisualStudioVersion = 10.0.40219.1
Project("{FAE04EC0-301F-11D3-BF4B-00C04F79EFBC}") = "RockPaperScissors", "RockPaperScissors.csproj", "{7F90E4B9-3EEF-4A8F-9B66-71193B98BAAE}"
EndProject
Global
	GlobalSection(SolutionConfigurationPlatforms) = preSolution
		Debug|Any CPU = Debug|Any CPU
		Release|Any CPU = Release|Any CPU
	EndGlobalSection
	GlobalSection(ProjectConfigurationPlatforms) = postSolution
		{7F90E4B9-3EEF-4A8F-9B66-71193B98BAAE}.Debug|Any CPU.ActiveCfg = Debug|Any CPU
		{7F90E4B9-3EEF-4A8F-9B66-71193B98BAAE}.Debug|Any CPU.Build.0 = Debug|Any CPU
		{7F90E4B9-3EEF-4A8F-9B66-71193B98BAAE}.Release|Any CPU.ActiveCfg = Release|Any CPU
		{7F90E4B9-3EEF-4A8F-9B66-71193B98BAAE}.Release|Any CPU.Build.0 = Release|Any CPU
	EndGlobalSection
	GlobalSection(SolutionProperties) = preSolution
		HideSolutionNode = FALSE
	EndGlobalSection
	GlobalSection(ExtensibilityGlobals) = postSolution
		SolutionGuid = {DB80992D-7CC0-40D5-BB84-A332A6CE4843}
	EndGlobalSection
EndGlobal
